
Microsoft Visual Studio Solution File, Format Version 12.00
# Visual Studio Version 17
VisualStudioVersion = 17.3.32929.385
MinimumVisualStudioVersion = 10.0.40219.1
Project("{9A19103F-16F7-4668-BE54-9A1E7A4F7556}") = "Freya", "src\Freya\Freya.csproj", "{6576D115-59FE-45B2-BD28-6FD91BFAA298}"
EndProject
Project("{9A19103F-16F7-4668-BE54-9A1E7A4F7556}") = "Glittertind", "src\Glittertind\Glittertind.csproj", "{082374A3-ABE0-4399-B586-782A1FFBFA65}"
EndProject
Project("{9A19103F-16F7-4668-BE54-9A1E7A4F7556}") = "Glittertind.Discord", "src\Glittertind.Discord\Glittertind.Discord.csproj", "{639C8076-4D69-4A73-A4DD-0FC32542E3E4}"
EndProject
Project("{9A19103F-16F7-4668-BE54-9A1E7A4F7556}") = "Glittertind.Tests", "src\Glittertind.Tests\Glittertind.Tests.csproj", "{0CC9F475-FB72-466A-B575-7F72F4F0674A}"
EndProject
Global
	GlobalSection(SolutionConfigurationPlatforms) = preSolution
		Debug|Any CPU = Debug|Any CPU
		Release|Any CPU = Release|Any CPU
	EndGlobalSection
	GlobalSection(ProjectConfigurationPlatforms) = postSolution
		{6576D115-59FE-45B2-BD28-6FD91BFAA298}.Debug|Any CPU.ActiveCfg = Debug|Any CPU
		{6576D115-59FE-45B2-BD28-6FD91BFAA298}.Debug|Any CPU.Build.0 = Debug|Any CPU
		{6576D115-59FE-45B2-BD28-6FD91BFAA298}.Release|Any CPU.ActiveCfg = Release|Any CPU
		{6576D115-59FE-45B2-BD28-6FD91BFAA298}.Release|Any CPU.Build.0 = Release|Any CPU
		{082374A3-ABE0-4399-B586-782A1FFBFA65}.Debug|Any CPU.ActiveCfg = Debug|Any CPU
		{082374A3-ABE0-4399-B586-782A1FFBFA65}.Debug|Any CPU.Build.0 = Debug|Any CPU
		{082374A3-ABE0-4399-B586-782A1FFBFA65}.Release|Any CPU.ActiveCfg = Release|Any CPU
		{082374A3-ABE0-4399-B586-782A1FFBFA65}.Release|Any CPU.Build.0 = Release|Any CPU
		{639C8076-4D69-4A73-A4DD-0FC32542E3E4}.Debug|Any CPU.ActiveCfg = Debug|Any CPU
		{639C8076-4D69-4A73-A4DD-0FC32542E3E4}.Debug|Any CPU.Build.0 = Debug|Any CPU
		{639C8076-4D69-4A73-A4DD-0FC32542E3E4}.Release|Any CPU.ActiveCfg = Release|Any CPU
		{639C8076-4D69-4A73-A4DD-0FC32542E3E4}.Release|Any CPU.Build.0 = Release|Any CPU
		{0CC9F475-FB72-466A-B575-7F72F4F0674A}.Debug|Any CPU.ActiveCfg = Debug|Any CPU
		{0CC9F475-FB72-466A-B575-7F72F4F0674A}.Debug|Any CPU.Build.0 = Debug|Any CPU
		{0CC9F475-FB72-466A-B575-7F72F4F0674A}.Release|Any CPU.ActiveCfg = Release|Any CPU
		{0CC9F475-FB72-466A-B575-7F72F4F0674A}.Release|Any CPU.Build.0 = Release|Any CPU
	EndGlobalSection
	GlobalSection(SolutionProperties) = preSolution
		HideSolutionNode = FALSE
	EndGlobalSection
	GlobalSection(ExtensibilityGlobals) = postSolution
		SolutionGuid = {5E57A512-C45B-46F0-8152-F6C4E7084E0C}
	EndGlobalSection
EndGlobal
