
Microsoft Visual Studio Solution File, Format Version 12.00
# Visual Studio Version 17
VisualStudioVersion = 17.3.32929.385
MinimumVisualStudioVersion = 10.0.40219.1
Project("{9A19103F-16F7-4668-BE54-9A1E7A4F7556}") = "Freya", "src\Freya\Freya.csproj", "{6576D115-59FE-45B2-BD28-6FD91BFAA298}"
EndProject
Project("{9A19103F-16F7-4668-BE54-9A1E7A4F7556}") = "Freya.Core", "src\Freya.Core\Freya.Core.csproj", "{CBB2128C-91E6-4F96-ACBB-6DE58F7FCB39}"
EndProject
Project("{2150E333-8FDC-42A3-9474-1A3956D46DE8}") = ".providers", ".providers", "{2CCD146A-4B04-4785-8129-9681F6DCEAA3}"
EndProject
Project("{9A19103F-16F7-4668-BE54-9A1E7A4F7556}") = "Freya.Tests", "src\Freya.Tests\Freya.Tests.csproj", "{0E301449-8468-4093-8364-256AF2F33C3B}"
EndProject
Project("{9A19103F-16F7-4668-BE54-9A1E7A4F7556}") = "Freya.Console", "src\.providers\Freya.Console\Freya.Console.csproj", "{4E641C77-4AE2-4EFD-BA47-DFDD6A6127FA}"
EndProject
Project("{9A19103F-16F7-4668-BE54-9A1E7A4F7556}") = "Freya.Discord", "src\.providers\Freya.Discord\Freya.Discord.csproj", "{0896B526-7A16-4258-97A2-EF7FB5F5D34C}"
EndProject
Global
	GlobalSection(SolutionConfigurationPlatforms) = preSolution
		Debug|Any CPU = Debug|Any CPU
		Release|Any CPU = Release|Any CPU
	EndGlobalSection
	GlobalSection(ProjectConfigurationPlatforms) = postSolution
		{6576D115-59FE-45B2-BD28-6FD91BFAA298}.Debug|Any CPU.ActiveCfg = Debug|Any CPU
		{6576D115-59FE-45B2-BD28-6FD91BFAA298}.Debug|Any CPU.Build.0 = Debug|Any CPU
		{6576D115-59FE-45B2-BD28-6FD91BFAA298}.Release|Any CPU.ActiveCfg = Release|Any CPU
		{6576D115-59FE-45B2-BD28-6FD91BFAA298}.Release|Any CPU.Build.0 = Release|Any CPU
		{CBB2128C-91E6-4F96-ACBB-6DE58F7FCB39}.Debug|Any CPU.ActiveCfg = Debug|Any CPU
		{CBB2128C-91E6-4F96-ACBB-6DE58F7FCB39}.Debug|Any CPU.Build.0 = Debug|Any CPU
		{CBB2128C-91E6-4F96-ACBB-6DE58F7FCB39}.Release|Any CPU.ActiveCfg = Release|Any CPU
		{CBB2128C-91E6-4F96-ACBB-6DE58F7FCB39}.Release|Any CPU.Build.0 = Release|Any CPU
		{0E301449-8468-4093-8364-256AF2F33C3B}.Debug|Any CPU.ActiveCfg = Debug|Any CPU
		{0E301449-8468-4093-8364-256AF2F33C3B}.Debug|Any CPU.Build.0 = Debug|Any CPU
		{0E301449-8468-4093-8364-256AF2F33C3B}.Release|Any CPU.ActiveCfg = Release|Any CPU
		{0E301449-8468-4093-8364-256AF2F33C3B}.Release|Any CPU.Build.0 = Release|Any CPU
		{4E641C77-4AE2-4EFD-BA47-DFDD6A6127FA}.Debug|Any CPU.ActiveCfg = Debug|Any CPU
		{4E641C77-4AE2-4EFD-BA47-DFDD6A6127FA}.Debug|Any CPU.Build.0 = Debug|Any CPU
		{4E641C77-4AE2-4EFD-BA47-DFDD6A6127FA}.Release|Any CPU.ActiveCfg = Release|Any CPU
		{4E641C77-4AE2-4EFD-BA47-DFDD6A6127FA}.Release|Any CPU.Build.0 = Release|Any CPU
		{0896B526-7A16-4258-97A2-EF7FB5F5D34C}.Debug|Any CPU.ActiveCfg = Debug|Any CPU
		{0896B526-7A16-4258-97A2-EF7FB5F5D34C}.Debug|Any CPU.Build.0 = Debug|Any CPU
		{0896B526-7A16-4258-97A2-EF7FB5F5D34C}.Release|Any CPU.ActiveCfg = Release|Any CPU
		{0896B526-7A16-4258-97A2-EF7FB5F5D34C}.Release|Any CPU.Build.0 = Release|Any CPU
	EndGlobalSection
	GlobalSection(SolutionProperties) = preSolution
		HideSolutionNode = FALSE
	EndGlobalSection
	GlobalSection(NestedProjects) = preSolution
		{4E641C77-4AE2-4EFD-BA47-DFDD6A6127FA} = {2CCD146A-4B04-4785-8129-9681F6DCEAA3}
		{0896B526-7A16-4258-97A2-EF7FB5F5D34C} = {2CCD146A-4B04-4785-8129-9681F6DCEAA3}
	EndGlobalSection
	GlobalSection(ExtensibilityGlobals) = postSolution
		SolutionGuid = {5E57A512-C45B-46F0-8152-F6C4E7084E0C}
	EndGlobalSection
EndGlobal
