
Microsoft Visual Studio Solution File, Format Version 12.00
# Visual Studio Version 17
VisualStudioVersion = 17.3.32929.385
MinimumVisualStudioVersion = 10.0.40219.1
Project("{9A19103F-16F7-4668-BE54-9A1E7A4F7556}") = "Freya", "src\Freya\Freya.csproj", "{6576D115-59FE-45B2-BD28-6FD91BFAA298}"
EndProject
Project("{9A19103F-16F7-4668-BE54-9A1E7A4F7556}") = "Freya.Core", "src\Freya.Core\Freya.Core.csproj", "{CBB2128C-91E6-4F96-ACBB-6DE58F7FCB39}"
EndProject
Project("{FAE04EC0-301F-11D3-BF4B-00C04F79EFBC}") = "Freya.Discord", "src\Freya.Discord\Freya.Discord.csproj", "{E0344855-6218-46EF-BB0E-F5EC9A2BEB71}"
EndProject
Project("{FAE04EC0-301F-11D3-BF4B-00C04F79EFBC}") = "Freya.Console", "src\Freya.Console\Freya.Console.csproj", "{FBDB3E34-DCA1-4DD7-BE45-77A9D7CD2A99}"
EndProject
Project("{FAE04EC0-301F-11D3-BF4B-00C04F79EFBC}") = "Freya.Tests", "Freya.Tests\Freya.Tests.csproj", "{FA53AFBC-C2CA-4477-BE4E-A276C3CAE42F}"
EndProject
Global
	GlobalSection(SolutionConfigurationPlatforms) = preSolution
		Debug|Any CPU = Debug|Any CPU
		Release|Any CPU = Release|Any CPU
	EndGlobalSection
	GlobalSection(ProjectConfigurationPlatforms) = postSolution
		{6576D115-59FE-45B2-BD28-6FD91BFAA298}.Debug|Any CPU.ActiveCfg = Debug|Any CPU
		{6576D115-59FE-45B2-BD28-6FD91BFAA298}.Debug|Any CPU.Build.0 = Debug|Any CPU
		{6576D115-59FE-45B2-BD28-6FD91BFAA298}.Release|Any CPU.ActiveCfg = Release|Any CPU
		{6576D115-59FE-45B2-BD28-6FD91BFAA298}.Release|Any CPU.Build.0 = Release|Any CPU
		{CBB2128C-91E6-4F96-ACBB-6DE58F7FCB39}.Debug|Any CPU.ActiveCfg = Debug|Any CPU
		{CBB2128C-91E6-4F96-ACBB-6DE58F7FCB39}.Debug|Any CPU.Build.0 = Debug|Any CPU
		{CBB2128C-91E6-4F96-ACBB-6DE58F7FCB39}.Release|Any CPU.ActiveCfg = Release|Any CPU
		{CBB2128C-91E6-4F96-ACBB-6DE58F7FCB39}.Release|Any CPU.Build.0 = Release|Any CPU
		{E0344855-6218-46EF-BB0E-F5EC9A2BEB71}.Debug|Any CPU.ActiveCfg = Debug|Any CPU
		{E0344855-6218-46EF-BB0E-F5EC9A2BEB71}.Debug|Any CPU.Build.0 = Debug|Any CPU
		{E0344855-6218-46EF-BB0E-F5EC9A2BEB71}.Release|Any CPU.ActiveCfg = Release|Any CPU
		{E0344855-6218-46EF-BB0E-F5EC9A2BEB71}.Release|Any CPU.Build.0 = Release|Any CPU
		{FBDB3E34-DCA1-4DD7-BE45-77A9D7CD2A99}.Debug|Any CPU.ActiveCfg = Debug|Any CPU
		{FBDB3E34-DCA1-4DD7-BE45-77A9D7CD2A99}.Debug|Any CPU.Build.0 = Debug|Any CPU
		{FBDB3E34-DCA1-4DD7-BE45-77A9D7CD2A99}.Release|Any CPU.ActiveCfg = Release|Any CPU
		{FBDB3E34-DCA1-4DD7-BE45-77A9D7CD2A99}.Release|Any CPU.Build.0 = Release|Any CPU
		{FA53AFBC-C2CA-4477-BE4E-A276C3CAE42F}.Debug|Any CPU.ActiveCfg = Debug|Any CPU
		{FA53AFBC-C2CA-4477-BE4E-A276C3CAE42F}.Debug|Any CPU.Build.0 = Debug|Any CPU
		{FA53AFBC-C2CA-4477-BE4E-A276C3CAE42F}.Release|Any CPU.ActiveCfg = Release|Any CPU
		{FA53AFBC-C2CA-4477-BE4E-A276C3CAE42F}.Release|Any CPU.Build.0 = Release|Any CPU
	EndGlobalSection
	GlobalSection(SolutionProperties) = preSolution
		HideSolutionNode = FALSE
	EndGlobalSection
	GlobalSection(ExtensibilityGlobals) = postSolution
		SolutionGuid = {5E57A512-C45B-46F0-8152-F6C4E7084E0C}
	EndGlobalSection
EndGlobal
